
Microsoft Visual Studio Solution File, Format Version 12.00
# Visual Studio Version 16
VisualStudioVersion = 16.0.31424.327
MinimumVisualStudioVersion = 10.0.40219.1
Project("{FAE04EC0-301F-11D3-BF4B-00C04F79EFBC}") = "Queue ve Stack Koleksiyonları", "Queue ve Stack Koleksiyonları\Queue ve Stack Koleksiyonları.csproj", "{D47D4EBC-D5D2-4B92-802E-061C8DFD6865}"
EndProject
Global
	GlobalSection(SolutionConfigurationPlatforms) = preSolution
		Debug|Any CPU = Debug|Any CPU
		Release|Any CPU = Release|Any CPU
	EndGlobalSection
	GlobalSection(ProjectConfigurationPlatforms) = postSolution
		{D47D4EBC-D5D2-4B92-802E-061C8DFD6865}.Debug|Any CPU.ActiveCfg = Debug|Any CPU
		{D47D4EBC-D5D2-4B92-802E-061C8DFD6865}.Debug|Any CPU.Build.0 = Debug|Any CPU
		{D47D4EBC-D5D2-4B92-802E-061C8DFD6865}.Release|Any CPU.ActiveCfg = Release|Any CPU
		{D47D4EBC-D5D2-4B92-802E-061C8DFD6865}.Release|Any CPU.Build.0 = Release|Any CPU
	EndGlobalSection
	GlobalSection(SolutionProperties) = preSolution
		HideSolutionNode = FALSE
	EndGlobalSection
	GlobalSection(ExtensibilityGlobals) = postSolution
		SolutionGuid = {2E846893-7C2A-4021-8A8A-14EA3BB4D4A5}
	EndGlobalSection
EndGlobal
